
Microsoft Visual Studio Solution File, Format Version 12.00
# Visual Studio Version 17
VisualStudioVersion = 17.3.32901.215
MinimumVisualStudioVersion = 10.0.40219.1
Project("{2150E333-8FDC-42A3-9474-1A3956D46DE8}") = "01_oop", "01_oop", "{A840186A-A344-4F35-9450-11B374022F2E}"
EndProject
Project("{2150E333-8FDC-42A3-9474-1A3956D46DE8}") = "01_inheritance", "01_inheritance", "{61A677B8-A93B-48AA-84FE-C392F0FAA6D6}"
EndProject
Project("{2150E333-8FDC-42A3-9474-1A3956D46DE8}") = "02_solid", "02_solid", "{6C1B5F8A-5DCF-41B1-A9BE-CEADBF7E3BF5}"
EndProject
Project("{2150E333-8FDC-42A3-9474-1A3956D46DE8}") = "03_creational_patterns", "03_creational_patterns", "{6555F394-8AB5-458C-9A28-3224EBED9497}"
EndProject
Project("{2150E333-8FDC-42A3-9474-1A3956D46DE8}") = "02_interface", "02_interface", "{08E23C42-08F4-42AD-AD1A-B756FC6E2011}"
EndProject
Project("{2150E333-8FDC-42A3-9474-1A3956D46DE8}") = "03_abstract", "03_abstract", "{43A57692-A601-43C4-AE63-C511EAE80539}"
EndProject
Project("{9A19103F-16F7-4668-BE54-9A1E7A4F7556}") = "01_inheritance", "01_oop\01_inheritance\01_inheritance.csproj", "{BBE70D6C-37E6-45F2-96C0-02DC4579ECAC}"
EndProject
Project("{9A19103F-16F7-4668-BE54-9A1E7A4F7556}") = "02_interface", "01_oop\02_interface\02_interface.csproj", "{AEF2386C-72D3-4434-93E2-851A18D47EBC}"
EndProject
Project("{9A19103F-16F7-4668-BE54-9A1E7A4F7556}") = "03_abstract", "01_oop\03_abstract\03_abstract.csproj", "{2AE8FBB7-0480-4833-A43A-B1A84E4ACA3D}"
EndProject
Project("{2150E333-8FDC-42A3-9474-1A3956D46DE8}") = "01_singlerepository", "01_singlerepository", "{752684FC-9D84-43B7-BA44-D64C1D8F92EA}"
EndProject
Project("{2150E333-8FDC-42A3-9474-1A3956D46DE8}") = "02_openclose", "02_openclose", "{12F02519-FA68-4352-8F31-909798A9576D}"
EndProject
Project("{2150E333-8FDC-42A3-9474-1A3956D46DE8}") = "03_liskov", "03_liskov", "{3BD49553-E45F-4651-8F7E-E1E2992D883A}"
EndProject
Project("{2150E333-8FDC-42A3-9474-1A3956D46DE8}") = "04_interface", "04_interface", "{998BBFD8-2A23-410C-9FC0-443DD0970E75}"
EndProject
Project("{2150E333-8FDC-42A3-9474-1A3956D46DE8}") = "05_dependencyinversion", "05_dependencyinversion", "{6E190CF8-A65F-4DBF-A8A9-61D44ED48200}"
EndProject
Project("{2150E333-8FDC-42A3-9474-1A3956D46DE8}") = "01_factory_pattern", "01_factory_pattern", "{58A65B95-1AA5-46CC-82C5-CFA3B04A7AD5}"
EndProject
Project("{9A19103F-16F7-4668-BE54-9A1E7A4F7556}") = "02_openclose", "02_solid\02_openclose\02_openclose.csproj", "{D1FF00F2-1E51-464A-A4C0-6FE0A26AB163}"
EndProject
Project("{9A19103F-16F7-4668-BE54-9A1E7A4F7556}") = "03_liskov", "02_solid\03_liskov\03_liskov.csproj", "{5C357675-45FA-4154-8A7D-43FF7C75535F}"
EndProject
Project("{9A19103F-16F7-4668-BE54-9A1E7A4F7556}") = "04_interface", "02_solid\04_interface\04_interface.csproj", "{2BD4D174-A341-4500-8091-DE44A9649AC9}"
EndProject
Project("{9A19103F-16F7-4668-BE54-9A1E7A4F7556}") = "05_dependencyinversion", "02_solid\05_dependencyinversion\05_dependencyinversion.csproj", "{6DABB822-460F-4509-A511-44A65059DF57}"
EndProject
Project("{9A19103F-16F7-4668-BE54-9A1E7A4F7556}") = "01_factory_pattern", "03_creational_patterns\01_factory_pattern\01_factory_pattern.csproj", "{7B285457-EE19-49E3-9D81-95DCC5F7AF8B}"
EndProject
Project("{2150E333-8FDC-42A3-9474-1A3956D46DE8}") = "02_singleton_pattern", "02_singleton_pattern", "{3C93E66F-9FBB-4928-A18B-BDAB4C0BE738}"
EndProject
Project("{FAE04EC0-301F-11D3-BF4B-00C04F79EFBC}") = "02_singleton_pattern", "03_creational_patterns\02_singleton_pattern\02_singleton_pattern\02_singleton_pattern.csproj", "{FBF716DC-26AD-432C-8820-9A7A99AEF20A}"
EndProject
Project("{2150E333-8FDC-42A3-9474-1A3956D46DE8}") = "03_factorymethod_pattern", "03_factorymethod_pattern", "{A38B8782-5430-4783-B8DE-5487A191A4F6}"
EndProject
Project("{FAE04EC0-301F-11D3-BF4B-00C04F79EFBC}") = "03_factorymethod_pattern", "03_creational_patterns\03_factorymethod_pattern\03_factorymethod_pattern.csproj", "{146BB82B-5D2C-4F48-8852-83D6A057C242}"
EndProject
Global
	GlobalSection(SolutionConfigurationPlatforms) = preSolution
		Debug|Any CPU = Debug|Any CPU
		Release|Any CPU = Release|Any CPU
	EndGlobalSection
	GlobalSection(ProjectConfigurationPlatforms) = postSolution
		{BBE70D6C-37E6-45F2-96C0-02DC4579ECAC}.Debug|Any CPU.ActiveCfg = Debug|Any CPU
		{BBE70D6C-37E6-45F2-96C0-02DC4579ECAC}.Debug|Any CPU.Build.0 = Debug|Any CPU
		{BBE70D6C-37E6-45F2-96C0-02DC4579ECAC}.Release|Any CPU.ActiveCfg = Release|Any CPU
		{BBE70D6C-37E6-45F2-96C0-02DC4579ECAC}.Release|Any CPU.Build.0 = Release|Any CPU
		{AEF2386C-72D3-4434-93E2-851A18D47EBC}.Debug|Any CPU.ActiveCfg = Debug|Any CPU
		{AEF2386C-72D3-4434-93E2-851A18D47EBC}.Debug|Any CPU.Build.0 = Debug|Any CPU
		{AEF2386C-72D3-4434-93E2-851A18D47EBC}.Release|Any CPU.ActiveCfg = Release|Any CPU
		{AEF2386C-72D3-4434-93E2-851A18D47EBC}.Release|Any CPU.Build.0 = Release|Any CPU
		{2AE8FBB7-0480-4833-A43A-B1A84E4ACA3D}.Debug|Any CPU.ActiveCfg = Debug|Any CPU
		{2AE8FBB7-0480-4833-A43A-B1A84E4ACA3D}.Debug|Any CPU.Build.0 = Debug|Any CPU
		{2AE8FBB7-0480-4833-A43A-B1A84E4ACA3D}.Release|Any CPU.ActiveCfg = Release|Any CPU
		{2AE8FBB7-0480-4833-A43A-B1A84E4ACA3D}.Release|Any CPU.Build.0 = Release|Any CPU
		{D1FF00F2-1E51-464A-A4C0-6FE0A26AB163}.Debug|Any CPU.ActiveCfg = Debug|Any CPU
		{D1FF00F2-1E51-464A-A4C0-6FE0A26AB163}.Debug|Any CPU.Build.0 = Debug|Any CPU
		{D1FF00F2-1E51-464A-A4C0-6FE0A26AB163}.Release|Any CPU.ActiveCfg = Release|Any CPU
		{D1FF00F2-1E51-464A-A4C0-6FE0A26AB163}.Release|Any CPU.Build.0 = Release|Any CPU
		{5C357675-45FA-4154-8A7D-43FF7C75535F}.Debug|Any CPU.ActiveCfg = Debug|Any CPU
		{5C357675-45FA-4154-8A7D-43FF7C75535F}.Debug|Any CPU.Build.0 = Debug|Any CPU
		{5C357675-45FA-4154-8A7D-43FF7C75535F}.Release|Any CPU.ActiveCfg = Release|Any CPU
		{5C357675-45FA-4154-8A7D-43FF7C75535F}.Release|Any CPU.Build.0 = Release|Any CPU
		{2BD4D174-A341-4500-8091-DE44A9649AC9}.Debug|Any CPU.ActiveCfg = Debug|Any CPU
		{2BD4D174-A341-4500-8091-DE44A9649AC9}.Debug|Any CPU.Build.0 = Debug|Any CPU
		{2BD4D174-A341-4500-8091-DE44A9649AC9}.Release|Any CPU.ActiveCfg = Release|Any CPU
		{2BD4D174-A341-4500-8091-DE44A9649AC9}.Release|Any CPU.Build.0 = Release|Any CPU
		{6DABB822-460F-4509-A511-44A65059DF57}.Debug|Any CPU.ActiveCfg = Debug|Any CPU
		{6DABB822-460F-4509-A511-44A65059DF57}.Debug|Any CPU.Build.0 = Debug|Any CPU
		{6DABB822-460F-4509-A511-44A65059DF57}.Release|Any CPU.ActiveCfg = Release|Any CPU
		{6DABB822-460F-4509-A511-44A65059DF57}.Release|Any CPU.Build.0 = Release|Any CPU
		{7B285457-EE19-49E3-9D81-95DCC5F7AF8B}.Debug|Any CPU.ActiveCfg = Debug|Any CPU
		{7B285457-EE19-49E3-9D81-95DCC5F7AF8B}.Debug|Any CPU.Build.0 = Debug|Any CPU
		{7B285457-EE19-49E3-9D81-95DCC5F7AF8B}.Release|Any CPU.ActiveCfg = Release|Any CPU
		{7B285457-EE19-49E3-9D81-95DCC5F7AF8B}.Release|Any CPU.Build.0 = Release|Any CPU
		{FBF716DC-26AD-432C-8820-9A7A99AEF20A}.Debug|Any CPU.ActiveCfg = Debug|Any CPU
		{FBF716DC-26AD-432C-8820-9A7A99AEF20A}.Debug|Any CPU.Build.0 = Debug|Any CPU
		{FBF716DC-26AD-432C-8820-9A7A99AEF20A}.Release|Any CPU.ActiveCfg = Release|Any CPU
		{FBF716DC-26AD-432C-8820-9A7A99AEF20A}.Release|Any CPU.Build.0 = Release|Any CPU
		{146BB82B-5D2C-4F48-8852-83D6A057C242}.Debug|Any CPU.ActiveCfg = Debug|Any CPU
		{146BB82B-5D2C-4F48-8852-83D6A057C242}.Debug|Any CPU.Build.0 = Debug|Any CPU
		{146BB82B-5D2C-4F48-8852-83D6A057C242}.Release|Any CPU.ActiveCfg = Release|Any CPU
		{146BB82B-5D2C-4F48-8852-83D6A057C242}.Release|Any CPU.Build.0 = Release|Any CPU
	EndGlobalSection
	GlobalSection(SolutionProperties) = preSolution
		HideSolutionNode = FALSE
	EndGlobalSection
	GlobalSection(NestedProjects) = preSolution
		{61A677B8-A93B-48AA-84FE-C392F0FAA6D6} = {A840186A-A344-4F35-9450-11B374022F2E}
		{08E23C42-08F4-42AD-AD1A-B756FC6E2011} = {A840186A-A344-4F35-9450-11B374022F2E}
		{43A57692-A601-43C4-AE63-C511EAE80539} = {A840186A-A344-4F35-9450-11B374022F2E}
		{BBE70D6C-37E6-45F2-96C0-02DC4579ECAC} = {61A677B8-A93B-48AA-84FE-C392F0FAA6D6}
		{AEF2386C-72D3-4434-93E2-851A18D47EBC} = {08E23C42-08F4-42AD-AD1A-B756FC6E2011}
		{2AE8FBB7-0480-4833-A43A-B1A84E4ACA3D} = {43A57692-A601-43C4-AE63-C511EAE80539}
		{752684FC-9D84-43B7-BA44-D64C1D8F92EA} = {6C1B5F8A-5DCF-41B1-A9BE-CEADBF7E3BF5}
		{12F02519-FA68-4352-8F31-909798A9576D} = {6C1B5F8A-5DCF-41B1-A9BE-CEADBF7E3BF5}
		{3BD49553-E45F-4651-8F7E-E1E2992D883A} = {6C1B5F8A-5DCF-41B1-A9BE-CEADBF7E3BF5}
		{998BBFD8-2A23-410C-9FC0-443DD0970E75} = {6C1B5F8A-5DCF-41B1-A9BE-CEADBF7E3BF5}
		{6E190CF8-A65F-4DBF-A8A9-61D44ED48200} = {6C1B5F8A-5DCF-41B1-A9BE-CEADBF7E3BF5}
		{58A65B95-1AA5-46CC-82C5-CFA3B04A7AD5} = {6555F394-8AB5-458C-9A28-3224EBED9497}
		{D1FF00F2-1E51-464A-A4C0-6FE0A26AB163} = {12F02519-FA68-4352-8F31-909798A9576D}
		{5C357675-45FA-4154-8A7D-43FF7C75535F} = {3BD49553-E45F-4651-8F7E-E1E2992D883A}
		{2BD4D174-A341-4500-8091-DE44A9649AC9} = {998BBFD8-2A23-410C-9FC0-443DD0970E75}
		{6DABB822-460F-4509-A511-44A65059DF57} = {6E190CF8-A65F-4DBF-A8A9-61D44ED48200}
		{7B285457-EE19-49E3-9D81-95DCC5F7AF8B} = {58A65B95-1AA5-46CC-82C5-CFA3B04A7AD5}
		{3C93E66F-9FBB-4928-A18B-BDAB4C0BE738} = {6555F394-8AB5-458C-9A28-3224EBED9497}
		{FBF716DC-26AD-432C-8820-9A7A99AEF20A} = {3C93E66F-9FBB-4928-A18B-BDAB4C0BE738}
		{A38B8782-5430-4783-B8DE-5487A191A4F6} = {6555F394-8AB5-458C-9A28-3224EBED9497}
		{146BB82B-5D2C-4F48-8852-83D6A057C242} = {A38B8782-5430-4783-B8DE-5487A191A4F6}
	EndGlobalSection
	GlobalSection(ExtensibilityGlobals) = postSolution
		SolutionGuid = {E1A17C7D-E68B-4055-918D-E21F38E5AAFE}
	EndGlobalSection
EndGlobal
